
Microsoft Visual Studio Solution File, Format Version 12.00
# Visual Studio Version 17
VisualStudioVersion = 17.6.33815.320
MinimumVisualStudioVersion = 10.0.40219.1
Project("{FAE04EC0-301F-11D3-BF4B-00C04F79EFBC}") = "AppDeskWindowsCipherService", "AppDeskWindowsCipher\AppDeskWindowsCipherService.csproj", "{F68DCAFB-D5CC-4F30-8033-4CF10CA33E0E}"
EndProject
Project("{54435603-DBB4-11D2-8724-00A0C9A8B90C}") = "Installer", "Installer\Installer.vdproj", "{0E89875B-D580-4E09-977E-E3010B369576}"
EndProject
Project("{FAE04EC0-301F-11D3-BF4B-00C04F79EFBC}") = "CipherLibrary", "CipherLibrary\CipherLibrary.csproj", "{06FA9356-B1D7-4AF6-911D-FC898215E37D}"
EndProject
Project("{FAE04EC0-301F-11D3-BF4B-00C04F79EFBC}") = "CipherConsoleService", "CipherConsoleService\CipherConsoleService.csproj", "{D00184EB-76B9-4171-A91D-4900109CD688}"
EndProject
Project("{FAE04EC0-301F-11D3-BF4B-00C04F79EFBC}") = "WpfApp", "WpfApp\WpfApp.csproj", "{C4FDA200-D534-4319-8A8F-8D4434A1BE12}"
EndProject
Global
	GlobalSection(SolutionConfigurationPlatforms) = preSolution
		Debug|Any CPU = Debug|Any CPU
		Release|Any CPU = Release|Any CPU
	EndGlobalSection
	GlobalSection(ProjectConfigurationPlatforms) = postSolution
		{F68DCAFB-D5CC-4F30-8033-4CF10CA33E0E}.Debug|Any CPU.ActiveCfg = Debug|Any CPU
		{F68DCAFB-D5CC-4F30-8033-4CF10CA33E0E}.Debug|Any CPU.Build.0 = Debug|Any CPU
		{F68DCAFB-D5CC-4F30-8033-4CF10CA33E0E}.Release|Any CPU.ActiveCfg = Release|Any CPU
		{F68DCAFB-D5CC-4F30-8033-4CF10CA33E0E}.Release|Any CPU.Build.0 = Release|Any CPU
		{0E89875B-D580-4E09-977E-E3010B369576}.Debug|Any CPU.ActiveCfg = Debug
		{0E89875B-D580-4E09-977E-E3010B369576}.Release|Any CPU.ActiveCfg = Release
		{06FA9356-B1D7-4AF6-911D-FC898215E37D}.Debug|Any CPU.ActiveCfg = Debug|Any CPU
		{06FA9356-B1D7-4AF6-911D-FC898215E37D}.Debug|Any CPU.Build.0 = Debug|Any CPU
		{06FA9356-B1D7-4AF6-911D-FC898215E37D}.Release|Any CPU.ActiveCfg = Release|Any CPU
		{06FA9356-B1D7-4AF6-911D-FC898215E37D}.Release|Any CPU.Build.0 = Release|Any CPU
		{D00184EB-76B9-4171-A91D-4900109CD688}.Debug|Any CPU.ActiveCfg = Debug|Any CPU
		{D00184EB-76B9-4171-A91D-4900109CD688}.Debug|Any CPU.Build.0 = Debug|Any CPU
		{D00184EB-76B9-4171-A91D-4900109CD688}.Release|Any CPU.ActiveCfg = Release|Any CPU
		{D00184EB-76B9-4171-A91D-4900109CD688}.Release|Any CPU.Build.0 = Release|Any CPU
		{C4FDA200-D534-4319-8A8F-8D4434A1BE12}.Debug|Any CPU.ActiveCfg = Debug|Any CPU
		{C4FDA200-D534-4319-8A8F-8D4434A1BE12}.Debug|Any CPU.Build.0 = Debug|Any CPU
		{C4FDA200-D534-4319-8A8F-8D4434A1BE12}.Release|Any CPU.ActiveCfg = Release|Any CPU
		{C4FDA200-D534-4319-8A8F-8D4434A1BE12}.Release|Any CPU.Build.0 = Release|Any CPU
	EndGlobalSection
	GlobalSection(SolutionProperties) = preSolution
		HideSolutionNode = FALSE
	EndGlobalSection
	GlobalSection(ExtensibilityGlobals) = postSolution
		SolutionGuid = {4F0F5988-F198-403F-B3EF-7A613B3726DF}
	EndGlobalSection
EndGlobal
